// !$*UTF8*$!
{
	archiveVersion = 1;
	classes = {
	};
	objectVersion = 46;
	objects = {

/* Begin PBXBuildFile section */
		3DD5B9FC1A739EC8008366FB /* AppDelegate.swift in Sources */ = {isa = PBXBuildFile; fileRef = 3DD5B9FB1A739EC8008366FB /* AppDelegate.swift */; };
		3DD5B9FE1A739EC8008366FB /* ViewController.swift in Sources */ = {isa = PBXBuildFile; fileRef = 3DD5B9FD1A739EC8008366FB /* ViewController.swift */; };
		3DD5BA011A739EC8008366FB /* Main.storyboard in Resources */ = {isa = PBXBuildFile; fileRef = 3DD5B9FF1A739EC8008366FB /* Main.storyboard */; };
		3DD5BA031A739EC8008366FB /* Images.xcassets in Resources */ = {isa = PBXBuildFile; fileRef = 3DD5BA021A739EC8008366FB /* Images.xcassets */; };
		3DD5BA061A739EC8008366FB /* LaunchScreen.xib in Resources */ = {isa = PBXBuildFile; fileRef = 3DD5BA041A739EC8008366FB /* LaunchScreen.xib */; };
		3DD5BA121A739EC8008366FB /* UIStepperTests.swift in Sources */ = {isa = PBXBuildFile; fileRef = 3DD5BA111A739EC8008366FB /* UIStepperTests.swift */; };
/* End PBXBuildFile section */

/* Begin PBXContainerItemProxy section */
		3DD5BA0C1A739EC8008366FB /* PBXContainerItemProxy */ = {
			isa = PBXContainerItemProxy;
			containerPortal = 3DD5B9EE1A739EC7008366FB /* Project object */;
			proxyType = 1;
			remoteGlobalIDString = 3DD5B9F51A739EC8008366FB;
			remoteInfo = UIStepper;
		};
/* End PBXContainerItemProxy section */

/* Begin PBXCopyFilesBuildPhase section */
		3DD5BA481A73D89F008366FB /* Embed Frameworks */ = {
			isa = PBXCopyFilesBuildPhase;
			buildActionMask = 2147483647;
			dstPath = "";
			dstSubfolderSpec = 10;
			files = (
			);
			name = "Embed Frameworks";
			runOnlyForDeploymentPostprocessing = 0;
		};
/* End PBXCopyFilesBuildPhase section */

/* Begin PBXFileReference section */
		3DD5B9F61A739EC8008366FB /* UIStepper.app */ = {isa = PBXFileReference; explicitFileType = wrapper.application; includeInIndex = 0; path = UIStepper.app; sourceTree = BUILT_PRODUCTS_DIR; };
		3DD5B9FA1A739EC8008366FB /* Info.plist */ = {isa = PBXFileReference; lastKnownFileType = text.plist.xml; path = Info.plist; sourceTree = "<group>"; };
		3DD5B9FB1A739EC8008366FB /* AppDelegate.swift */ = {isa = PBXFileReference; lastKnownFileType = sourcecode.swift; path = AppDelegate.swift; sourceTree = "<group>"; };
		3DD5B9FD1A739EC8008366FB /* ViewController.swift */ = {isa = PBXFileReference; lastKnownFileType = sourcecode.swift; path = ViewController.swift; sourceTree = "<group>"; };
		3DD5BA001A739EC8008366FB /* Base */ = {isa = PBXFileReference; lastKnownFileType = file.storyboard; name = Base; path = Base.lproj/Main.storyboard; sourceTree = "<group>"; };
		3DD5BA021A739EC8008366FB /* Images.xcassets */ = {isa = PBXFileReference; lastKnownFileType = folder.assetcatalog; path = Images.xcassets; sourceTree = "<group>"; };
		3DD5BA051A739EC8008366FB /* Base */ = {isa = PBXFileReference; lastKnownFileType = file.xib; name = Base; path = Base.lproj/LaunchScreen.xib; sourceTree = "<group>"; };
		3DD5BA0B1A739EC8008366FB /* UIStepperTests.xctest */ = {isa = PBXFileReference; explicitFileType = wrapper.cfbundle; includeInIndex = 0; path = UIStepperTests.xctest; sourceTree = BUILT_PRODUCTS_DIR; };
		3DD5BA101A739EC8008366FB /* Info.plist */ = {isa = PBXFileReference; lastKnownFileType = text.plist.xml; path = Info.plist; sourceTree = "<group>"; };
		3DD5BA111A739EC8008366FB /* UIStepperTests.swift */ = {isa = PBXFileReference; lastKnownFileType = sourcecode.swift; path = UIStepperTests.swift; sourceTree = "<group>"; };
/* End PBXFileReference section */

/* Begin PBXFrameworksBuildPhase section */
		3DD5B9F31A739EC8008366FB /* Frameworks */ = {
			isa = PBXFrameworksBuildPhase;
			buildActionMask = 2147483647;
			files = (
			);
			runOnlyForDeploymentPostprocessing = 0;
		};
		3DD5BA081A739EC8008366FB /* Frameworks */ = {
			isa = PBXFrameworksBuildPhase;
			buildActionMask = 2147483647;
			files = (
			);
			runOnlyForDeploymentPostprocessing = 0;
		};
/* End PBXFrameworksBuildPhase section */

/* Begin PBXGroup section */
		3DD5B9ED1A739EC7008366FB = {
			isa = PBXGroup;
			children = (
				3DD5B9F81A739EC8008366FB /* UIStepper */,
				3DD5BA0E1A739EC8008366FB /* UIStepperTests */,
				3DD5B9F71A739EC8008366FB /* Products */,
			);
			sourceTree = "<group>";
		};
		3DD5B9F71A739EC8008366FB /* Products */ = {
			isa = PBXGroup;
			children = (
				3DD5B9F61A739EC8008366FB /* UIStepper.app */,
				3DD5BA0B1A739EC8008366FB /* UIStepperTests.xctest */,
			);
			name = Products;
			sourceTree = "<group>";
		};
		3DD5B9F81A739EC8008366FB /* UIStepper */ = {
			isa = PBXGroup;
			children = (
				3DD5B9FB1A739EC8008366FB /* AppDelegate.swift */,
				3DD5B9FD1A739EC8008366FB /* ViewController.swift */,
				3DD5B9FF1A739EC8008366FB /* Main.storyboard */,
				3DD5BA021A739EC8008366FB /* Images.xcassets */,
				3DD5BA041A739EC8008366FB /* LaunchScreen.xib */,
				3DD5B9F91A739EC8008366FB /* Supporting Files */,
			);
			path = UIStepper;
			sourceTree = "<group>";
		};
		3DD5B9F91A739EC8008366FB /* Supporting Files */ = {
			isa = PBXGroup;
			children = (
				3DD5B9FA1A739EC8008366FB /* Info.plist */,
			);
			name = "Supporting Files";
			sourceTree = "<group>";
		};
		3DD5BA0E1A739EC8008366FB /* UIStepperTests */ = {
			isa = PBXGroup;
			children = (
				3DD5BA111A739EC8008366FB /* UIStepperTests.swift */,
				3DD5BA0F1A739EC8008366FB /* Supporting Files */,
			);
			path = UIStepperTests;
			sourceTree = "<group>";
		};
		3DD5BA0F1A739EC8008366FB /* Supporting Files */ = {
			isa = PBXGroup;
			children = (
				3DD5BA101A739EC8008366FB /* Info.plist */,
			);
			name = "Supporting Files";
			sourceTree = "<group>";
		};
/* End PBXGroup section */

/* Begin PBXNativeTarget section */
		3DD5B9F51A739EC8008366FB /* UIStepper */ = {
			isa = PBXNativeTarget;
			buildConfigurationList = 3DD5BA151A739EC8008366FB /* Build configuration list for PBXNativeTarget "UIStepper" */;
			buildPhases = (
				3DD5B9F21A739EC8008366FB /* Sources */,
				3DD5B9F31A739EC8008366FB /* Frameworks */,
				3DD5B9F41A739EC8008366FB /* Resources */,
				3DD5BA481A73D89F008366FB /* Embed Frameworks */,
			);
			buildRules = (
			);
			dependencies = (
			);
			name = UIStepper;
			productName = UIStepper;
			productReference = 3DD5B9F61A739EC8008366FB /* UIStepper.app */;
			productType = "com.apple.product-type.application";
		};
		3DD5BA0A1A739EC8008366FB /* UIStepperTests */ = {
			isa = PBXNativeTarget;
			buildConfigurationList = 3DD5BA181A739EC8008366FB /* Build configuration list for PBXNativeTarget "UIStepperTests" */;
			buildPhases = (
				3DD5BA071A739EC8008366FB /* Sources */,
				3DD5BA081A739EC8008366FB /* Frameworks */,
				3DD5BA091A739EC8008366FB /* Resources */,
			);
			buildRules = (
			);
			dependencies = (
				3DD5BA0D1A739EC8008366FB /* PBXTargetDependency */,
			);
			name = UIStepperTests;
			productName = UIStepperTests;
			productReference = 3DD5BA0B1A739EC8008366FB /* UIStepperTests.xctest */;
			productType = "com.apple.product-type.bundle.unit-test";
		};
/* End PBXNativeTarget section */

/* Begin PBXProject section */
		3DD5B9EE1A739EC7008366FB /* Project object */ = {
			isa = PBXProject;
			attributes = {
				LastUpgradeCheck = 0610;
				ORGANIZATIONNAME = Kim;
				TargetAttributes = {
					3DD5B9F51A739EC8008366FB = {
						CreatedOnToolsVersion = 6.1.1;
					};
					3DD5BA0A1A739EC8008366FB = {
						CreatedOnToolsVersion = 6.1.1;
						TestTargetID = 3DD5B9F51A739EC8008366FB;
					};
				};
			};
			buildConfigurationList = 3DD5B9F11A739EC7008366FB /* Build configuration list for PBXProject "UIStepper" */;
			compatibilityVersion = "Xcode 3.2";
			developmentRegion = English;
			hasScannedForEncodings = 0;
			knownRegions = (
				en,
				Base,
			);
			mainGroup = 3DD5B9ED1A739EC7008366FB;
			productRefGroup = 3DD5B9F71A739EC8008366FB /* Products */;
			projectDirPath = "";
			projectRoot = "";
			targets = (
				3DD5B9F51A739EC8008366FB /* UIStepper */,
				3DD5BA0A1A739EC8008366FB /* UIStepperTests */,
			);
		};
/* End PBXProject section */

/* Begin PBXResourcesBuildPhase section */
		3DD5B9F41A739EC8008366FB /* Resources */ = {
			isa = PBXResourcesBuildPhase;
			buildActionMask = 2147483647;
			files = (
				3DD5BA011A739EC8008366FB /* Main.storyboard in Resources */,
				3DD5BA061A739EC8008366FB /* LaunchScreen.xib in Resources */,
				3DD5BA031A739EC8008366FB /* Images.xcassets in Resources */,
			);
			runOnlyForDeploymentPostprocessing = 0;
		};
		3DD5BA091A739EC8008366FB /* Resources */ = {
			isa = PBXResourcesBuildPhase;
			buildActionMask = 2147483647;
			files = (
			);
			runOnlyForDeploymentPostprocessing = 0;
		};
/* End PBXResourcesBuildPhase section */

/* Begin PBXSourcesBuildPhase section */
		3DD5B9F21A739EC8008366FB /* Sources */ = {
			isa = PBXSourcesBuildPhase;
			buildActionMask = 2147483647;
			files = (
				3DD5B9FE1A739EC8008366FB /* ViewController.swift in Sources */,
				3DD5B9FC1A739EC8008366FB /* AppDelegate.swift in Sources */,
			);
			runOnlyForDeploymentPostprocessing = 0;
		};
		3DD5BA071A739EC8008366FB /* Sources */ = {
			isa = PBXSourcesBuildPhase;
			buildActionMask = 2147483647;
			files = (
				3DD5BA121A739EC8008366FB /* UIStepperTests.swift in Sources */,
			);
			runOnlyForDeploymentPostprocessing = 0;
		};
/* End PBXSourcesBuildPhase section */

/* Begin PBXTargetDependency section */
		3DD5BA0D1A739EC8008366FB /* PBXTargetDependency */ = {
			isa = PBXTargetDependency;
			target = 3DD5B9F51A739EC8008366FB /* UIStepper */;
			targetProxy = 3DD5BA0C1A739EC8008366FB /* PBXContainerItemProxy */;
		};
/* End PBXTargetDependency section */

/* Begin PBXVariantGroup section */
		3DD5B9FF1A739EC8008366FB /* Main.storyboard */ = {
			isa = PBXVariantGroup;
			children = (
				3DD5BA001A739EC8008366FB /* Base */,
			);
			name = Main.storyboard;
			sourceTree = "<group>";
		};
		3DD5BA041A739EC8008366FB /* LaunchScreen.xib */ = {
			isa = PBXVariantGroup;
			children = (
				3DD5BA051A739EC8008366FB /* Base */,
			);
			name = LaunchScreen.xib;
			sourceTree = "<group>";
		};
/* End PBXVariantGroup section */

/* Begin XCBuildConfiguration section */
		3DD5BA131A739EC8008366FB /* Debug */ = {
			isa = XCBuildConfiguration;
			buildSettings = {
				ALWAYS_SEARCH_USER_PATHS = NO;
				CLANG_CXX_LANGUAGE_STANDARD = "gnu++0x";
				CLANG_CXX_LIBRARY = "libc++";
				CLANG_ENABLE_MODULES = YES;
				CLANG_ENABLE_OBJC_ARC = YES;
				CLANG_WARN_BOOL_CONVERSION = YES;
				CLANG_WARN_CONSTANT_CONVERSION = YES;
				CLANG_WARN_DIRECT_OBJC_ISA_USAGE = YES_ERROR;
				CLANG_WARN_EMPTY_BODY = YES;
				CLANG_WARN_ENUM_CONVERSION = YES;
				CLANG_WARN_INT_CONVERSION = YES;
				CLANG_WARN_OBJC_ROOT_CLASS = YES_ERROR;
				CLANG_WARN_UNREACHABLE_CODE = YES;
				CLANG_WARN__DUPLICATE_METHOD_MATCH = YES;
				"CODE_SIGN_IDENTITY[sdk=iphoneos*]" = "iPhone Developer";
				COPY_PHASE_STRIP = NO;
				ENABLE_STRICT_OBJC_MSGSEND = YES;
				GCC_C_LANGUAGE_STANDARD = gnu99;
				GCC_DYNAMIC_NO_PIC = NO;
				GCC_OPTIMIZATION_LEVEL = 0;
				GCC_PREPROCESSOR_DEFINITIONS = (
					"DEBUG=1",
					"$(inherited)",
				);
				GCC_SYMBOLS_PRIVATE_EXTERN = NO;
				GCC_WARN_64_TO_32_BIT_CONVERSION = YES;
				GCC_WARN_ABOUT_RETURN_TYPE = YES_ERROR;
				GCC_WARN_UNDECLARED_SELECTOR = YES;
				GCC_WARN_UNINITIALIZED_AUTOS = YES_AGGRESSIVE;
				GCC_WARN_UNUSED_FUNCTION = YES;
				GCC_WARN_UNUSED_VARIABLE = YES;
				IPHONEOS_DEPLOYMENT_TARGET = 8.1;
				MTL_ENABLE_DEBUG_INFO = YES;
				ONLY_ACTIVE_ARCH = YES;
				SDKROOT = iphoneos;
				SWIFT_OPTIMIZATION_LEVEL = "-Onone";
				TARGETED_DEVICE_FAMILY = "1,2";
			};
			name = Debug;
		};
		3DD5BA141A739EC8008366FB /* Release */ = {
			isa = XCBuildConfiguration;
			buildSettings = {
				ALWAYS_SEARCH_USER_PATHS = NO;
				CLANG_CXX_LANGUAGE_STANDARD = "gnu++0x";
				CLANG_CXX_LIBRARY = "libc++";
				CLANG_ENABLE_MODULES = YES;
				CLANG_ENABLE_OBJC_ARC = YES;
				CLANG_WARN_BOOL_CONVERSION = YES;
				CLANG_WARN_CONSTANT_CONVERSION = YES;
				CLANG_WARN_DIRECT_OBJC_ISA_USAGE = YES_ERROR;
				CLANG_WARN_EMPTY_BODY = YES;
				CLANG_WARN_ENUM_CONVERSION = YES;
				CLANG_WARN_INT_CONVERSION = YES;
				CLANG_WARN_OBJC_ROOT_CLASS = YES_ERROR;
				CLANG_WARN_UNREACHABLE_CODE = YES;
				CLANG_WARN__DUPLICATE_METHOD_MATCH = YES;
				"CODE_SIGN_IDENTITY[sdk=iphoneos*]" = "iPhone Developer";
				COPY_PHASE_STRIP = YES;
				ENABLE_NS_ASSERTIONS = NO;
				ENABLE_STRICT_OBJC_MSGSEND = YES;
				GCC_C_LANGUAGE_STANDARD = gnu99;
				GCC_WARN_64_TO_32_BIT_CONVERSION = YES;
				GCC_WARN_ABOUT_RETURN_TYPE = YES_ERROR;
				GCC_WARN_UNDECLARED_SELECTOR = YES;
				GCC_WARN_UNINITIALIZED_AUTOS = YES_AGGRESSIVE;
				GCC_WARN_UNUSED_FUNCTION = YES;
				GCC_WARN_UNUSED_VARIABLE = YES;
				IPHONEOS_DEPLOYMENT_TARGET = 8.1;
				MTL_ENABLE_DEBUG_INFO = NO;
				SDKROOT = iphoneos;
				TARGETED_DEVICE_FAMILY = "1,2";
				VALIDATE_PRODUCT = YES;
			};
			name = Release;
		};
		3DD5BA161A739EC8008366FB /* Debug */ = {
			isa = XCBuildConfiguration;
			buildSettings = {
				ASSETCATALOG_COMPILER_APPICON_NAME = AppIcon;
				INFOPLIST_FILE = UIStepper/Info.plist;
				LD_RUNPATH_SEARCH_PATHS = "$(inherited) @executable_path/Frameworks";
				PRODUCT_NAME = "$(TARGET_NAME)";
			};
			name = Debug;
		};
		3DD5BA171A739EC8008366FB /* Release */ = {
			isa = XCBuildConfiguration;
			buildSettings = {
				ASSETCATALOG_COMPILER_APPICON_NAME = AppIcon;
				INFOPLIST_FILE = UIStepper/Info.plist;
				LD_RUNPATH_SEARCH_PATHS = "$(inherited) @executable_path/Frameworks";
				PRODUCT_NAME = "$(TARGET_NAME)";
			};
			name = Release;
		};
		3DD5BA191A739EC8008366FB /* Debug */ = {
			isa = XCBuildConfiguration;
			buildSettings = {
				BUNDLE_LOADER = "$(TEST_HOST)";
				FRAMEWORK_SEARCH_PATHS = (
					"$(SDKROOT)/Developer/Library/Frameworks",
					"$(inherited)",
				);
				GCC_PREPROCESSOR_DEFINITIONS = (
					"DEBUG=1",
					"$(inherited)",
				);
				INFOPLIST_FILE = UIStepperTests/Info.plist;
				LD_RUNPATH_SEARCH_PATHS = "$(inherited) @executable_path/Frameworks @loader_path/Frameworks";
				PRODUCT_NAME = "$(TARGET_NAME)";
				TEST_HOST = "$(BUILT_PRODUCTS_DIR)/UIStepper.app/UIStepper";
			};
			name = Debug;
		};
		3DD5BA1A1A739EC8008366FB /* Release */ = {
			isa = XCBuildConfiguration;
			buildSettings = {
				BUNDLE_LOADER = "$(TEST_HOST)";
				FRAMEWORK_SEARCH_PATHS = (
					"$(SDKROOT)/Developer/Library/Frameworks",
					"$(inherited)",
				);
				INFOPLIST_FILE = UIStepperTests/Info.plist;
				LD_RUNPATH_SEARCH_PATHS = "$(inherited) @executable_path/Frameworks @loader_path/Frameworks";
				PRODUCT_NAME = "$(TARGET_NAME)";
				TEST_HOST = "$(BUILT_PRODUCTS_DIR)/UIStepper.app/UIStepper";
			};
			name = Release;
		};
/* End XCBuildConfiguration section */

/* Begin XCConfigurationList section */
		3DD5B9F11A739EC7008366FB /* Build configuration list for PBXProject "UIStepper" */ = {
			isa = XCConfigurationList;
			buildConfigurations = (
				3DD5BA131A739EC8008366FB /* Debug */,
				3DD5BA141A739EC8008366FB /* Release */,
			);
			defaultConfigurationIsVisible = 0;
			defaultConfigurationName = Release;
		};
		3DD5BA151A739EC8008366FB /* Build configuration list for PBXNativeTarget "UIStepper" */ = {
			isa = XCConfigurationList;
			buildConfigurations = (
				3DD5BA161A739EC8008366FB /* Debug */,
				3DD5BA171A739EC8008366FB /* Release */,
			);
			defaultConfigurationIsVisible = 0;
			defaultConfigurationName = Release;
		};
		3DD5BA181A739EC8008366FB /* Build configuration list for PBXNativeTarget "UIStepperTests" */ = {
			isa = XCConfigurationList;
			buildConfigurations = (
				3DD5BA191A739EC8008366FB /* Debug */,
				3DD5BA1A1A739EC8008366FB /* Release */,
			);
			defaultConfigurationIsVisible = 0;
			defaultConfigurationName = Release;
		};
/* End XCConfigurationList section */
	};
	rootObject = 3DD5B9EE1A739EC7008366FB /* Project object */;
}
