// !$*UTF8*$!
{
	archiveVersion = 1;
	classes = {
	};
	objectVersion = 46;
	objects = {

/* Begin PBXBuildFile section */
		3D87E37B1A6B7AB400C29647 /* AppDelegate.swift in Sources */ = {isa = PBXBuildFile; fileRef = 3D87E37A1A6B7AB400C29647 /* AppDelegate.swift */; };
		3D87E37D1A6B7AB400C29647 /* ViewController.swift in Sources */ = {isa = PBXBuildFile; fileRef = 3D87E37C1A6B7AB400C29647 /* ViewController.swift */; };
		3D87E3801A6B7AB400C29647 /* Main.storyboard in Resources */ = {isa = PBXBuildFile; fileRef = 3D87E37E1A6B7AB400C29647 /* Main.storyboard */; };
		3D87E3821A6B7AB400C29647 /* Images.xcassets in Resources */ = {isa = PBXBuildFile; fileRef = 3D87E3811A6B7AB400C29647 /* Images.xcassets */; };
		3D87E3851A6B7AB400C29647 /* LaunchScreen.xib in Resources */ = {isa = PBXBuildFile; fileRef = 3D87E3831A6B7AB400C29647 /* LaunchScreen.xib */; };
		3D87E3911A6B7AB400C29647 /* UISegmentedControlTests.swift in Sources */ = {isa = PBXBuildFile; fileRef = 3D87E3901A6B7AB400C29647 /* UISegmentedControlTests.swift */; };
/* End PBXBuildFile section */

/* Begin PBXContainerItemProxy section */
		3D87E38B1A6B7AB400C29647 /* PBXContainerItemProxy */ = {
			isa = PBXContainerItemProxy;
			containerPortal = 3D87E36D1A6B7AB400C29647 /* Project object */;
			proxyType = 1;
			remoteGlobalIDString = 3D87E3741A6B7AB400C29647;
			remoteInfo = UISegmentedControl;
		};
/* End PBXContainerItemProxy section */

/* Begin PBXFileReference section */
		3D87E3751A6B7AB400C29647 /* UISegmentedControl.app */ = {isa = PBXFileReference; explicitFileType = wrapper.application; includeInIndex = 0; path = UISegmentedControl.app; sourceTree = BUILT_PRODUCTS_DIR; };
		3D87E3791A6B7AB400C29647 /* Info.plist */ = {isa = PBXFileReference; lastKnownFileType = text.plist.xml; path = Info.plist; sourceTree = "<group>"; };
		3D87E37A1A6B7AB400C29647 /* AppDelegate.swift */ = {isa = PBXFileReference; lastKnownFileType = sourcecode.swift; path = AppDelegate.swift; sourceTree = "<group>"; };
		3D87E37C1A6B7AB400C29647 /* ViewController.swift */ = {isa = PBXFileReference; lastKnownFileType = sourcecode.swift; path = ViewController.swift; sourceTree = "<group>"; };
		3D87E37F1A6B7AB400C29647 /* Base */ = {isa = PBXFileReference; lastKnownFileType = file.storyboard; name = Base; path = Base.lproj/Main.storyboard; sourceTree = "<group>"; };
		3D87E3811A6B7AB400C29647 /* Images.xcassets */ = {isa = PBXFileReference; lastKnownFileType = folder.assetcatalog; path = Images.xcassets; sourceTree = "<group>"; };
		3D87E3841A6B7AB400C29647 /* Base */ = {isa = PBXFileReference; lastKnownFileType = file.xib; name = Base; path = Base.lproj/LaunchScreen.xib; sourceTree = "<group>"; };
		3D87E38A1A6B7AB400C29647 /* UISegmentedControlTests.xctest */ = {isa = PBXFileReference; explicitFileType = wrapper.cfbundle; includeInIndex = 0; path = UISegmentedControlTests.xctest; sourceTree = BUILT_PRODUCTS_DIR; };
		3D87E38F1A6B7AB400C29647 /* Info.plist */ = {isa = PBXFileReference; lastKnownFileType = text.plist.xml; path = Info.plist; sourceTree = "<group>"; };
		3D87E3901A6B7AB400C29647 /* UISegmentedControlTests.swift */ = {isa = PBXFileReference; lastKnownFileType = sourcecode.swift; path = UISegmentedControlTests.swift; sourceTree = "<group>"; };
/* End PBXFileReference section */

/* Begin PBXFrameworksBuildPhase section */
		3D87E3721A6B7AB400C29647 /* Frameworks */ = {
			isa = PBXFrameworksBuildPhase;
			buildActionMask = 2147483647;
			files = (
			);
			runOnlyForDeploymentPostprocessing = 0;
		};
		3D87E3871A6B7AB400C29647 /* Frameworks */ = {
			isa = PBXFrameworksBuildPhase;
			buildActionMask = 2147483647;
			files = (
			);
			runOnlyForDeploymentPostprocessing = 0;
		};
/* End PBXFrameworksBuildPhase section */

/* Begin PBXGroup section */
		3D87E36C1A6B7AB400C29647 = {
			isa = PBXGroup;
			children = (
				3D87E3771A6B7AB400C29647 /* UISegmentedControl */,
				3D87E38D1A6B7AB400C29647 /* UISegmentedControlTests */,
				3D87E3761A6B7AB400C29647 /* Products */,
			);
			sourceTree = "<group>";
		};
		3D87E3761A6B7AB400C29647 /* Products */ = {
			isa = PBXGroup;
			children = (
				3D87E3751A6B7AB400C29647 /* UISegmentedControl.app */,
				3D87E38A1A6B7AB400C29647 /* UISegmentedControlTests.xctest */,
			);
			name = Products;
			sourceTree = "<group>";
		};
		3D87E3771A6B7AB400C29647 /* UISegmentedControl */ = {
			isa = PBXGroup;
			children = (
				3D87E37A1A6B7AB400C29647 /* AppDelegate.swift */,
				3D87E37C1A6B7AB400C29647 /* ViewController.swift */,
				3D87E37E1A6B7AB400C29647 /* Main.storyboard */,
				3D87E3811A6B7AB400C29647 /* Images.xcassets */,
				3D87E3831A6B7AB400C29647 /* LaunchScreen.xib */,
				3D87E3781A6B7AB400C29647 /* Supporting Files */,
			);
			path = UISegmentedControl;
			sourceTree = "<group>";
		};
		3D87E3781A6B7AB400C29647 /* Supporting Files */ = {
			isa = PBXGroup;
			children = (
				3D87E3791A6B7AB400C29647 /* Info.plist */,
			);
			name = "Supporting Files";
			sourceTree = "<group>";
		};
		3D87E38D1A6B7AB400C29647 /* UISegmentedControlTests */ = {
			isa = PBXGroup;
			children = (
				3D87E3901A6B7AB400C29647 /* UISegmentedControlTests.swift */,
				3D87E38E1A6B7AB400C29647 /* Supporting Files */,
			);
			path = UISegmentedControlTests;
			sourceTree = "<group>";
		};
		3D87E38E1A6B7AB400C29647 /* Supporting Files */ = {
			isa = PBXGroup;
			children = (
				3D87E38F1A6B7AB400C29647 /* Info.plist */,
			);
			name = "Supporting Files";
			sourceTree = "<group>";
		};
/* End PBXGroup section */

/* Begin PBXNativeTarget section */
		3D87E3741A6B7AB400C29647 /* UISegmentedControl */ = {
			isa = PBXNativeTarget;
			buildConfigurationList = 3D87E3941A6B7AB400C29647 /* Build configuration list for PBXNativeTarget "UISegmentedControl" */;
			buildPhases = (
				3D87E3711A6B7AB400C29647 /* Sources */,
				3D87E3721A6B7AB400C29647 /* Frameworks */,
				3D87E3731A6B7AB400C29647 /* Resources */,
			);
			buildRules = (
			);
			dependencies = (
			);
			name = UISegmentedControl;
			productName = UISegmentedControl;
			productReference = 3D87E3751A6B7AB400C29647 /* UISegmentedControl.app */;
			productType = "com.apple.product-type.application";
		};
		3D87E3891A6B7AB400C29647 /* UISegmentedControlTests */ = {
			isa = PBXNativeTarget;
			buildConfigurationList = 3D87E3971A6B7AB400C29647 /* Build configuration list for PBXNativeTarget "UISegmentedControlTests" */;
			buildPhases = (
				3D87E3861A6B7AB400C29647 /* Sources */,
				3D87E3871A6B7AB400C29647 /* Frameworks */,
				3D87E3881A6B7AB400C29647 /* Resources */,
			);
			buildRules = (
			);
			dependencies = (
				3D87E38C1A6B7AB400C29647 /* PBXTargetDependency */,
			);
			name = UISegmentedControlTests;
			productName = UISegmentedControlTests;
			productReference = 3D87E38A1A6B7AB400C29647 /* UISegmentedControlTests.xctest */;
			productType = "com.apple.product-type.bundle.unit-test";
		};
/* End PBXNativeTarget section */

/* Begin PBXProject section */
		3D87E36D1A6B7AB400C29647 /* Project object */ = {
			isa = PBXProject;
			attributes = {
				LastUpgradeCheck = 0610;
				ORGANIZATIONNAME = Kim;
				TargetAttributes = {
					3D87E3741A6B7AB400C29647 = {
						CreatedOnToolsVersion = 6.1.1;
					};
					3D87E3891A6B7AB400C29647 = {
						CreatedOnToolsVersion = 6.1.1;
						TestTargetID = 3D87E3741A6B7AB400C29647;
					};
				};
			};
			buildConfigurationList = 3D87E3701A6B7AB400C29647 /* Build configuration list for PBXProject "UISegmentedControl" */;
			compatibilityVersion = "Xcode 3.2";
			developmentRegion = English;
			hasScannedForEncodings = 0;
			knownRegions = (
				en,
				Base,
			);
			mainGroup = 3D87E36C1A6B7AB400C29647;
			productRefGroup = 3D87E3761A6B7AB400C29647 /* Products */;
			projectDirPath = "";
			projectRoot = "";
			targets = (
				3D87E3741A6B7AB400C29647 /* UISegmentedControl */,
				3D87E3891A6B7AB400C29647 /* UISegmentedControlTests */,
			);
		};
/* End PBXProject section */

/* Begin PBXResourcesBuildPhase section */
		3D87E3731A6B7AB400C29647 /* Resources */ = {
			isa = PBXResourcesBuildPhase;
			buildActionMask = 2147483647;
			files = (
				3D87E3801A6B7AB400C29647 /* Main.storyboard in Resources */,
				3D87E3851A6B7AB400C29647 /* LaunchScreen.xib in Resources */,
				3D87E3821A6B7AB400C29647 /* Images.xcassets in Resources */,
			);
			runOnlyForDeploymentPostprocessing = 0;
		};
		3D87E3881A6B7AB400C29647 /* Resources */ = {
			isa = PBXResourcesBuildPhase;
			buildActionMask = 2147483647;
			files = (
			);
			runOnlyForDeploymentPostprocessing = 0;
		};
/* End PBXResourcesBuildPhase section */

/* Begin PBXSourcesBuildPhase section */
		3D87E3711A6B7AB400C29647 /* Sources */ = {
			isa = PBXSourcesBuildPhase;
			buildActionMask = 2147483647;
			files = (
				3D87E37D1A6B7AB400C29647 /* ViewController.swift in Sources */,
				3D87E37B1A6B7AB400C29647 /* AppDelegate.swift in Sources */,
			);
			runOnlyForDeploymentPostprocessing = 0;
		};
		3D87E3861A6B7AB400C29647 /* Sources */ = {
			isa = PBXSourcesBuildPhase;
			buildActionMask = 2147483647;
			files = (
				3D87E3911A6B7AB400C29647 /* UISegmentedControlTests.swift in Sources */,
			);
			runOnlyForDeploymentPostprocessing = 0;
		};
/* End PBXSourcesBuildPhase section */

/* Begin PBXTargetDependency section */
		3D87E38C1A6B7AB400C29647 /* PBXTargetDependency */ = {
			isa = PBXTargetDependency;
			target = 3D87E3741A6B7AB400C29647 /* UISegmentedControl */;
			targetProxy = 3D87E38B1A6B7AB400C29647 /* PBXContainerItemProxy */;
		};
/* End PBXTargetDependency section */

/* Begin PBXVariantGroup section */
		3D87E37E1A6B7AB400C29647 /* Main.storyboard */ = {
			isa = PBXVariantGroup;
			children = (
				3D87E37F1A6B7AB400C29647 /* Base */,
			);
			name = Main.storyboard;
			sourceTree = "<group>";
		};
		3D87E3831A6B7AB400C29647 /* LaunchScreen.xib */ = {
			isa = PBXVariantGroup;
			children = (
				3D87E3841A6B7AB400C29647 /* Base */,
			);
			name = LaunchScreen.xib;
			sourceTree = "<group>";
		};
/* End PBXVariantGroup section */

/* Begin XCBuildConfiguration section */
		3D87E3921A6B7AB400C29647 /* Debug */ = {
			isa = XCBuildConfiguration;
			buildSettings = {
				ALWAYS_SEARCH_USER_PATHS = NO;
				CLANG_CXX_LANGUAGE_STANDARD = "gnu++0x";
				CLANG_CXX_LIBRARY = "libc++";
				CLANG_ENABLE_MODULES = YES;
				CLANG_ENABLE_OBJC_ARC = YES;
				CLANG_WARN_BOOL_CONVERSION = YES;
				CLANG_WARN_CONSTANT_CONVERSION = YES;
				CLANG_WARN_DIRECT_OBJC_ISA_USAGE = YES_ERROR;
				CLANG_WARN_EMPTY_BODY = YES;
				CLANG_WARN_ENUM_CONVERSION = YES;
				CLANG_WARN_INT_CONVERSION = YES;
				CLANG_WARN_OBJC_ROOT_CLASS = YES_ERROR;
				CLANG_WARN_UNREACHABLE_CODE = YES;
				CLANG_WARN__DUPLICATE_METHOD_MATCH = YES;
				"CODE_SIGN_IDENTITY[sdk=iphoneos*]" = "iPhone Developer";
				COPY_PHASE_STRIP = NO;
				ENABLE_STRICT_OBJC_MSGSEND = YES;
				GCC_C_LANGUAGE_STANDARD = gnu99;
				GCC_DYNAMIC_NO_PIC = NO;
				GCC_OPTIMIZATION_LEVEL = 0;
				GCC_PREPROCESSOR_DEFINITIONS = (
					"DEBUG=1",
					"$(inherited)",
				);
				GCC_SYMBOLS_PRIVATE_EXTERN = NO;
				GCC_WARN_64_TO_32_BIT_CONVERSION = YES;
				GCC_WARN_ABOUT_RETURN_TYPE = YES_ERROR;
				GCC_WARN_UNDECLARED_SELECTOR = YES;
				GCC_WARN_UNINITIALIZED_AUTOS = YES_AGGRESSIVE;
				GCC_WARN_UNUSED_FUNCTION = YES;
				GCC_WARN_UNUSED_VARIABLE = YES;
				IPHONEOS_DEPLOYMENT_TARGET = 8.1;
				MTL_ENABLE_DEBUG_INFO = YES;
				ONLY_ACTIVE_ARCH = YES;
				SDKROOT = iphoneos;
				SWIFT_OPTIMIZATION_LEVEL = "-Onone";
				TARGETED_DEVICE_FAMILY = "1,2";
			};
			name = Debug;
		};
		3D87E3931A6B7AB400C29647 /* Release */ = {
			isa = XCBuildConfiguration;
			buildSettings = {
				ALWAYS_SEARCH_USER_PATHS = NO;
				CLANG_CXX_LANGUAGE_STANDARD = "gnu++0x";
				CLANG_CXX_LIBRARY = "libc++";
				CLANG_ENABLE_MODULES = YES;
				CLANG_ENABLE_OBJC_ARC = YES;
				CLANG_WARN_BOOL_CONVERSION = YES;
				CLANG_WARN_CONSTANT_CONVERSION = YES;
				CLANG_WARN_DIRECT_OBJC_ISA_USAGE = YES_ERROR;
				CLANG_WARN_EMPTY_BODY = YES;
				CLANG_WARN_ENUM_CONVERSION = YES;
				CLANG_WARN_INT_CONVERSION = YES;
				CLANG_WARN_OBJC_ROOT_CLASS = YES_ERROR;
				CLANG_WARN_UNREACHABLE_CODE = YES;
				CLANG_WARN__DUPLICATE_METHOD_MATCH = YES;
				"CODE_SIGN_IDENTITY[sdk=iphoneos*]" = "iPhone Developer";
				COPY_PHASE_STRIP = YES;
				ENABLE_NS_ASSERTIONS = NO;
				ENABLE_STRICT_OBJC_MSGSEND = YES;
				GCC_C_LANGUAGE_STANDARD = gnu99;
				GCC_WARN_64_TO_32_BIT_CONVERSION = YES;
				GCC_WARN_ABOUT_RETURN_TYPE = YES_ERROR;
				GCC_WARN_UNDECLARED_SELECTOR = YES;
				GCC_WARN_UNINITIALIZED_AUTOS = YES_AGGRESSIVE;
				GCC_WARN_UNUSED_FUNCTION = YES;
				GCC_WARN_UNUSED_VARIABLE = YES;
				IPHONEOS_DEPLOYMENT_TARGET = 8.1;
				MTL_ENABLE_DEBUG_INFO = NO;
				SDKROOT = iphoneos;
				TARGETED_DEVICE_FAMILY = "1,2";
				VALIDATE_PRODUCT = YES;
			};
			name = Release;
		};
		3D87E3951A6B7AB400C29647 /* Debug */ = {
			isa = XCBuildConfiguration;
			buildSettings = {
				ASSETCATALOG_COMPILER_APPICON_NAME = AppIcon;
				INFOPLIST_FILE = UISegmentedControl/Info.plist;
				LD_RUNPATH_SEARCH_PATHS = "$(inherited) @executable_path/Frameworks";
				PRODUCT_NAME = "$(TARGET_NAME)";
			};
			name = Debug;
		};
		3D87E3961A6B7AB400C29647 /* Release */ = {
			isa = XCBuildConfiguration;
			buildSettings = {
				ASSETCATALOG_COMPILER_APPICON_NAME = AppIcon;
				INFOPLIST_FILE = UISegmentedControl/Info.plist;
				LD_RUNPATH_SEARCH_PATHS = "$(inherited) @executable_path/Frameworks";
				PRODUCT_NAME = "$(TARGET_NAME)";
			};
			name = Release;
		};
		3D87E3981A6B7AB400C29647 /* Debug */ = {
			isa = XCBuildConfiguration;
			buildSettings = {
				BUNDLE_LOADER = "$(TEST_HOST)";
				FRAMEWORK_SEARCH_PATHS = (
					"$(SDKROOT)/Developer/Library/Frameworks",
					"$(inherited)",
				);
				GCC_PREPROCESSOR_DEFINITIONS = (
					"DEBUG=1",
					"$(inherited)",
				);
				INFOPLIST_FILE = UISegmentedControlTests/Info.plist;
				LD_RUNPATH_SEARCH_PATHS = "$(inherited) @executable_path/Frameworks @loader_path/Frameworks";
				PRODUCT_NAME = "$(TARGET_NAME)";
				TEST_HOST = "$(BUILT_PRODUCTS_DIR)/UISegmentedControl.app/UISegmentedControl";
			};
			name = Debug;
		};
		3D87E3991A6B7AB400C29647 /* Release */ = {
			isa = XCBuildConfiguration;
			buildSettings = {
				BUNDLE_LOADER = "$(TEST_HOST)";
				FRAMEWORK_SEARCH_PATHS = (
					"$(SDKROOT)/Developer/Library/Frameworks",
					"$(inherited)",
				);
				INFOPLIST_FILE = UISegmentedControlTests/Info.plist;
				LD_RUNPATH_SEARCH_PATHS = "$(inherited) @executable_path/Frameworks @loader_path/Frameworks";
				PRODUCT_NAME = "$(TARGET_NAME)";
				TEST_HOST = "$(BUILT_PRODUCTS_DIR)/UISegmentedControl.app/UISegmentedControl";
			};
			name = Release;
		};
/* End XCBuildConfiguration section */

/* Begin XCConfigurationList section */
		3D87E3701A6B7AB400C29647 /* Build configuration list for PBXProject "UISegmentedControl" */ = {
			isa = XCConfigurationList;
			buildConfigurations = (
				3D87E3921A6B7AB400C29647 /* Debug */,
				3D87E3931A6B7AB400C29647 /* Release */,
			);
			defaultConfigurationIsVisible = 0;
			defaultConfigurationName = Release;
		};
		3D87E3941A6B7AB400C29647 /* Build configuration list for PBXNativeTarget "UISegmentedControl" */ = {
			isa = XCConfigurationList;
			buildConfigurations = (
				3D87E3951A6B7AB400C29647 /* Debug */,
				3D87E3961A6B7AB400C29647 /* Release */,
			);
			defaultConfigurationIsVisible = 0;
		};
		3D87E3971A6B7AB400C29647 /* Build configuration list for PBXNativeTarget "UISegmentedControlTests" */ = {
			isa = XCConfigurationList;
			buildConfigurations = (
				3D87E3981A6B7AB400C29647 /* Debug */,
				3D87E3991A6B7AB400C29647 /* Release */,
			);
			defaultConfigurationIsVisible = 0;
		};
/* End XCConfigurationList section */
	};
	rootObject = 3D87E36D1A6B7AB400C29647 /* Project object */;
}
