// !$*UTF8*$!
{
	archiveVersion = 1;
	classes = {
	};
	objectVersion = 46;
	objects = {

/* Begin PBXBuildFile section */
		3DE526A41A6BAD9F001BC9C0 /* AppDelegate.swift in Sources */ = {isa = PBXBuildFile; fileRef = 3DE526A31A6BAD9F001BC9C0 /* AppDelegate.swift */; };
		3DE526A61A6BAD9F001BC9C0 /* ViewController.swift in Sources */ = {isa = PBXBuildFile; fileRef = 3DE526A51A6BAD9F001BC9C0 /* ViewController.swift */; };
		3DE526A91A6BAD9F001BC9C0 /* Main.storyboard in Resources */ = {isa = PBXBuildFile; fileRef = 3DE526A71A6BAD9F001BC9C0 /* Main.storyboard */; };
		3DE526AB1A6BADA0001BC9C0 /* Images.xcassets in Resources */ = {isa = PBXBuildFile; fileRef = 3DE526AA1A6BADA0001BC9C0 /* Images.xcassets */; };
		3DE526AE1A6BADA0001BC9C0 /* LaunchScreen.xib in Resources */ = {isa = PBXBuildFile; fileRef = 3DE526AC1A6BADA0001BC9C0 /* LaunchScreen.xib */; };
		3DE526BA1A6BADA0001BC9C0 /* UISliderTests.swift in Sources */ = {isa = PBXBuildFile; fileRef = 3DE526B91A6BADA0001BC9C0 /* UISliderTests.swift */; };
/* End PBXBuildFile section */

/* Begin PBXContainerItemProxy section */
		3DE526B41A6BADA0001BC9C0 /* PBXContainerItemProxy */ = {
			isa = PBXContainerItemProxy;
			containerPortal = 3DE526961A6BAD9F001BC9C0 /* Project object */;
			proxyType = 1;
			remoteGlobalIDString = 3DE5269D1A6BAD9F001BC9C0;
			remoteInfo = UISlider;
		};
/* End PBXContainerItemProxy section */

/* Begin PBXFileReference section */
		3DE5269E1A6BAD9F001BC9C0 /* UISlider.app */ = {isa = PBXFileReference; explicitFileType = wrapper.application; includeInIndex = 0; path = UISlider.app; sourceTree = BUILT_PRODUCTS_DIR; };
		3DE526A21A6BAD9F001BC9C0 /* Info.plist */ = {isa = PBXFileReference; lastKnownFileType = text.plist.xml; path = Info.plist; sourceTree = "<group>"; };
		3DE526A31A6BAD9F001BC9C0 /* AppDelegate.swift */ = {isa = PBXFileReference; lastKnownFileType = sourcecode.swift; path = AppDelegate.swift; sourceTree = "<group>"; };
		3DE526A51A6BAD9F001BC9C0 /* ViewController.swift */ = {isa = PBXFileReference; lastKnownFileType = sourcecode.swift; path = ViewController.swift; sourceTree = "<group>"; };
		3DE526A81A6BAD9F001BC9C0 /* Base */ = {isa = PBXFileReference; lastKnownFileType = file.storyboard; name = Base; path = Base.lproj/Main.storyboard; sourceTree = "<group>"; };
		3DE526AA1A6BADA0001BC9C0 /* Images.xcassets */ = {isa = PBXFileReference; lastKnownFileType = folder.assetcatalog; path = Images.xcassets; sourceTree = "<group>"; };
		3DE526AD1A6BADA0001BC9C0 /* Base */ = {isa = PBXFileReference; lastKnownFileType = file.xib; name = Base; path = Base.lproj/LaunchScreen.xib; sourceTree = "<group>"; };
		3DE526B31A6BADA0001BC9C0 /* UISliderTests.xctest */ = {isa = PBXFileReference; explicitFileType = wrapper.cfbundle; includeInIndex = 0; path = UISliderTests.xctest; sourceTree = BUILT_PRODUCTS_DIR; };
		3DE526B81A6BADA0001BC9C0 /* Info.plist */ = {isa = PBXFileReference; lastKnownFileType = text.plist.xml; path = Info.plist; sourceTree = "<group>"; };
		3DE526B91A6BADA0001BC9C0 /* UISliderTests.swift */ = {isa = PBXFileReference; lastKnownFileType = sourcecode.swift; path = UISliderTests.swift; sourceTree = "<group>"; };
/* End PBXFileReference section */

/* Begin PBXFrameworksBuildPhase section */
		3DE5269B1A6BAD9F001BC9C0 /* Frameworks */ = {
			isa = PBXFrameworksBuildPhase;
			buildActionMask = 2147483647;
			files = (
			);
			runOnlyForDeploymentPostprocessing = 0;
		};
		3DE526B01A6BADA0001BC9C0 /* Frameworks */ = {
			isa = PBXFrameworksBuildPhase;
			buildActionMask = 2147483647;
			files = (
			);
			runOnlyForDeploymentPostprocessing = 0;
		};
/* End PBXFrameworksBuildPhase section */

/* Begin PBXGroup section */
		3DE526951A6BAD9F001BC9C0 = {
			isa = PBXGroup;
			children = (
				3DE526A01A6BAD9F001BC9C0 /* UISlider */,
				3DE526B61A6BADA0001BC9C0 /* UISliderTests */,
				3DE5269F1A6BAD9F001BC9C0 /* Products */,
			);
			sourceTree = "<group>";
		};
		3DE5269F1A6BAD9F001BC9C0 /* Products */ = {
			isa = PBXGroup;
			children = (
				3DE5269E1A6BAD9F001BC9C0 /* UISlider.app */,
				3DE526B31A6BADA0001BC9C0 /* UISliderTests.xctest */,
			);
			name = Products;
			sourceTree = "<group>";
		};
		3DE526A01A6BAD9F001BC9C0 /* UISlider */ = {
			isa = PBXGroup;
			children = (
				3DE526A31A6BAD9F001BC9C0 /* AppDelegate.swift */,
				3DE526A51A6BAD9F001BC9C0 /* ViewController.swift */,
				3DE526A71A6BAD9F001BC9C0 /* Main.storyboard */,
				3DE526AA1A6BADA0001BC9C0 /* Images.xcassets */,
				3DE526AC1A6BADA0001BC9C0 /* LaunchScreen.xib */,
				3DE526A11A6BAD9F001BC9C0 /* Supporting Files */,
			);
			path = UISlider;
			sourceTree = "<group>";
		};
		3DE526A11A6BAD9F001BC9C0 /* Supporting Files */ = {
			isa = PBXGroup;
			children = (
				3DE526A21A6BAD9F001BC9C0 /* Info.plist */,
			);
			name = "Supporting Files";
			sourceTree = "<group>";
		};
		3DE526B61A6BADA0001BC9C0 /* UISliderTests */ = {
			isa = PBXGroup;
			children = (
				3DE526B91A6BADA0001BC9C0 /* UISliderTests.swift */,
				3DE526B71A6BADA0001BC9C0 /* Supporting Files */,
			);
			path = UISliderTests;
			sourceTree = "<group>";
		};
		3DE526B71A6BADA0001BC9C0 /* Supporting Files */ = {
			isa = PBXGroup;
			children = (
				3DE526B81A6BADA0001BC9C0 /* Info.plist */,
			);
			name = "Supporting Files";
			sourceTree = "<group>";
		};
/* End PBXGroup section */

/* Begin PBXNativeTarget section */
		3DE5269D1A6BAD9F001BC9C0 /* UISlider */ = {
			isa = PBXNativeTarget;
			buildConfigurationList = 3DE526BD1A6BADA0001BC9C0 /* Build configuration list for PBXNativeTarget "UISlider" */;
			buildPhases = (
				3DE5269A1A6BAD9F001BC9C0 /* Sources */,
				3DE5269B1A6BAD9F001BC9C0 /* Frameworks */,
				3DE5269C1A6BAD9F001BC9C0 /* Resources */,
			);
			buildRules = (
			);
			dependencies = (
			);
			name = UISlider;
			productName = UISlider;
			productReference = 3DE5269E1A6BAD9F001BC9C0 /* UISlider.app */;
			productType = "com.apple.product-type.application";
		};
		3DE526B21A6BADA0001BC9C0 /* UISliderTests */ = {
			isa = PBXNativeTarget;
			buildConfigurationList = 3DE526C01A6BADA0001BC9C0 /* Build configuration list for PBXNativeTarget "UISliderTests" */;
			buildPhases = (
				3DE526AF1A6BADA0001BC9C0 /* Sources */,
				3DE526B01A6BADA0001BC9C0 /* Frameworks */,
				3DE526B11A6BADA0001BC9C0 /* Resources */,
			);
			buildRules = (
			);
			dependencies = (
				3DE526B51A6BADA0001BC9C0 /* PBXTargetDependency */,
			);
			name = UISliderTests;
			productName = UISliderTests;
			productReference = 3DE526B31A6BADA0001BC9C0 /* UISliderTests.xctest */;
			productType = "com.apple.product-type.bundle.unit-test";
		};
/* End PBXNativeTarget section */

/* Begin PBXProject section */
		3DE526961A6BAD9F001BC9C0 /* Project object */ = {
			isa = PBXProject;
			attributes = {
				LastUpgradeCheck = 0610;
				ORGANIZATIONNAME = Kim;
				TargetAttributes = {
					3DE5269D1A6BAD9F001BC9C0 = {
						CreatedOnToolsVersion = 6.1.1;
					};
					3DE526B21A6BADA0001BC9C0 = {
						CreatedOnToolsVersion = 6.1.1;
						TestTargetID = 3DE5269D1A6BAD9F001BC9C0;
					};
				};
			};
			buildConfigurationList = 3DE526991A6BAD9F001BC9C0 /* Build configuration list for PBXProject "UISlider" */;
			compatibilityVersion = "Xcode 3.2";
			developmentRegion = English;
			hasScannedForEncodings = 0;
			knownRegions = (
				en,
				Base,
			);
			mainGroup = 3DE526951A6BAD9F001BC9C0;
			productRefGroup = 3DE5269F1A6BAD9F001BC9C0 /* Products */;
			projectDirPath = "";
			projectRoot = "";
			targets = (
				3DE5269D1A6BAD9F001BC9C0 /* UISlider */,
				3DE526B21A6BADA0001BC9C0 /* UISliderTests */,
			);
		};
/* End PBXProject section */

/* Begin PBXResourcesBuildPhase section */
		3DE5269C1A6BAD9F001BC9C0 /* Resources */ = {
			isa = PBXResourcesBuildPhase;
			buildActionMask = 2147483647;
			files = (
				3DE526A91A6BAD9F001BC9C0 /* Main.storyboard in Resources */,
				3DE526AE1A6BADA0001BC9C0 /* LaunchScreen.xib in Resources */,
				3DE526AB1A6BADA0001BC9C0 /* Images.xcassets in Resources */,
			);
			runOnlyForDeploymentPostprocessing = 0;
		};
		3DE526B11A6BADA0001BC9C0 /* Resources */ = {
			isa = PBXResourcesBuildPhase;
			buildActionMask = 2147483647;
			files = (
			);
			runOnlyForDeploymentPostprocessing = 0;
		};
/* End PBXResourcesBuildPhase section */

/* Begin PBXSourcesBuildPhase section */
		3DE5269A1A6BAD9F001BC9C0 /* Sources */ = {
			isa = PBXSourcesBuildPhase;
			buildActionMask = 2147483647;
			files = (
				3DE526A61A6BAD9F001BC9C0 /* ViewController.swift in Sources */,
				3DE526A41A6BAD9F001BC9C0 /* AppDelegate.swift in Sources */,
			);
			runOnlyForDeploymentPostprocessing = 0;
		};
		3DE526AF1A6BADA0001BC9C0 /* Sources */ = {
			isa = PBXSourcesBuildPhase;
			buildActionMask = 2147483647;
			files = (
				3DE526BA1A6BADA0001BC9C0 /* UISliderTests.swift in Sources */,
			);
			runOnlyForDeploymentPostprocessing = 0;
		};
/* End PBXSourcesBuildPhase section */

/* Begin PBXTargetDependency section */
		3DE526B51A6BADA0001BC9C0 /* PBXTargetDependency */ = {
			isa = PBXTargetDependency;
			target = 3DE5269D1A6BAD9F001BC9C0 /* UISlider */;
			targetProxy = 3DE526B41A6BADA0001BC9C0 /* PBXContainerItemProxy */;
		};
/* End PBXTargetDependency section */

/* Begin PBXVariantGroup section */
		3DE526A71A6BAD9F001BC9C0 /* Main.storyboard */ = {
			isa = PBXVariantGroup;
			children = (
				3DE526A81A6BAD9F001BC9C0 /* Base */,
			);
			name = Main.storyboard;
			sourceTree = "<group>";
		};
		3DE526AC1A6BADA0001BC9C0 /* LaunchScreen.xib */ = {
			isa = PBXVariantGroup;
			children = (
				3DE526AD1A6BADA0001BC9C0 /* Base */,
			);
			name = LaunchScreen.xib;
			sourceTree = "<group>";
		};
/* End PBXVariantGroup section */

/* Begin XCBuildConfiguration section */
		3DE526BB1A6BADA0001BC9C0 /* Debug */ = {
			isa = XCBuildConfiguration;
			buildSettings = {
				ALWAYS_SEARCH_USER_PATHS = NO;
				CLANG_CXX_LANGUAGE_STANDARD = "gnu++0x";
				CLANG_CXX_LIBRARY = "libc++";
				CLANG_ENABLE_MODULES = YES;
				CLANG_ENABLE_OBJC_ARC = YES;
				CLANG_WARN_BOOL_CONVERSION = YES;
				CLANG_WARN_CONSTANT_CONVERSION = YES;
				CLANG_WARN_DIRECT_OBJC_ISA_USAGE = YES_ERROR;
				CLANG_WARN_EMPTY_BODY = YES;
				CLANG_WARN_ENUM_CONVERSION = YES;
				CLANG_WARN_INT_CONVERSION = YES;
				CLANG_WARN_OBJC_ROOT_CLASS = YES_ERROR;
				CLANG_WARN_UNREACHABLE_CODE = YES;
				CLANG_WARN__DUPLICATE_METHOD_MATCH = YES;
				"CODE_SIGN_IDENTITY[sdk=iphoneos*]" = "iPhone Developer";
				COPY_PHASE_STRIP = NO;
				ENABLE_STRICT_OBJC_MSGSEND = YES;
				GCC_C_LANGUAGE_STANDARD = gnu99;
				GCC_DYNAMIC_NO_PIC = NO;
				GCC_OPTIMIZATION_LEVEL = 0;
				GCC_PREPROCESSOR_DEFINITIONS = (
					"DEBUG=1",
					"$(inherited)",
				);
				GCC_SYMBOLS_PRIVATE_EXTERN = NO;
				GCC_WARN_64_TO_32_BIT_CONVERSION = YES;
				GCC_WARN_ABOUT_RETURN_TYPE = YES_ERROR;
				GCC_WARN_UNDECLARED_SELECTOR = YES;
				GCC_WARN_UNINITIALIZED_AUTOS = YES_AGGRESSIVE;
				GCC_WARN_UNUSED_FUNCTION = YES;
				GCC_WARN_UNUSED_VARIABLE = YES;
				IPHONEOS_DEPLOYMENT_TARGET = 8.1;
				MTL_ENABLE_DEBUG_INFO = YES;
				ONLY_ACTIVE_ARCH = YES;
				SDKROOT = iphoneos;
				SWIFT_OPTIMIZATION_LEVEL = "-Onone";
				TARGETED_DEVICE_FAMILY = "1,2";
			};
			name = Debug;
		};
		3DE526BC1A6BADA0001BC9C0 /* Release */ = {
			isa = XCBuildConfiguration;
			buildSettings = {
				ALWAYS_SEARCH_USER_PATHS = NO;
				CLANG_CXX_LANGUAGE_STANDARD = "gnu++0x";
				CLANG_CXX_LIBRARY = "libc++";
				CLANG_ENABLE_MODULES = YES;
				CLANG_ENABLE_OBJC_ARC = YES;
				CLANG_WARN_BOOL_CONVERSION = YES;
				CLANG_WARN_CONSTANT_CONVERSION = YES;
				CLANG_WARN_DIRECT_OBJC_ISA_USAGE = YES_ERROR;
				CLANG_WARN_EMPTY_BODY = YES;
				CLANG_WARN_ENUM_CONVERSION = YES;
				CLANG_WARN_INT_CONVERSION = YES;
				CLANG_WARN_OBJC_ROOT_CLASS = YES_ERROR;
				CLANG_WARN_UNREACHABLE_CODE = YES;
				CLANG_WARN__DUPLICATE_METHOD_MATCH = YES;
				"CODE_SIGN_IDENTITY[sdk=iphoneos*]" = "iPhone Developer";
				COPY_PHASE_STRIP = YES;
				ENABLE_NS_ASSERTIONS = NO;
				ENABLE_STRICT_OBJC_MSGSEND = YES;
				GCC_C_LANGUAGE_STANDARD = gnu99;
				GCC_WARN_64_TO_32_BIT_CONVERSION = YES;
				GCC_WARN_ABOUT_RETURN_TYPE = YES_ERROR;
				GCC_WARN_UNDECLARED_SELECTOR = YES;
				GCC_WARN_UNINITIALIZED_AUTOS = YES_AGGRESSIVE;
				GCC_WARN_UNUSED_FUNCTION = YES;
				GCC_WARN_UNUSED_VARIABLE = YES;
				IPHONEOS_DEPLOYMENT_TARGET = 8.1;
				MTL_ENABLE_DEBUG_INFO = NO;
				SDKROOT = iphoneos;
				TARGETED_DEVICE_FAMILY = "1,2";
				VALIDATE_PRODUCT = YES;
			};
			name = Release;
		};
		3DE526BE1A6BADA0001BC9C0 /* Debug */ = {
			isa = XCBuildConfiguration;
			buildSettings = {
				ASSETCATALOG_COMPILER_APPICON_NAME = AppIcon;
				INFOPLIST_FILE = UISlider/Info.plist;
				LD_RUNPATH_SEARCH_PATHS = "$(inherited) @executable_path/Frameworks";
				PRODUCT_NAME = "$(TARGET_NAME)";
			};
			name = Debug;
		};
		3DE526BF1A6BADA0001BC9C0 /* Release */ = {
			isa = XCBuildConfiguration;
			buildSettings = {
				ASSETCATALOG_COMPILER_APPICON_NAME = AppIcon;
				INFOPLIST_FILE = UISlider/Info.plist;
				LD_RUNPATH_SEARCH_PATHS = "$(inherited) @executable_path/Frameworks";
				PRODUCT_NAME = "$(TARGET_NAME)";
			};
			name = Release;
		};
		3DE526C11A6BADA0001BC9C0 /* Debug */ = {
			isa = XCBuildConfiguration;
			buildSettings = {
				BUNDLE_LOADER = "$(TEST_HOST)";
				FRAMEWORK_SEARCH_PATHS = (
					"$(SDKROOT)/Developer/Library/Frameworks",
					"$(inherited)",
				);
				GCC_PREPROCESSOR_DEFINITIONS = (
					"DEBUG=1",
					"$(inherited)",
				);
				INFOPLIST_FILE = UISliderTests/Info.plist;
				LD_RUNPATH_SEARCH_PATHS = "$(inherited) @executable_path/Frameworks @loader_path/Frameworks";
				PRODUCT_NAME = "$(TARGET_NAME)";
				TEST_HOST = "$(BUILT_PRODUCTS_DIR)/UISlider.app/UISlider";
			};
			name = Debug;
		};
		3DE526C21A6BADA0001BC9C0 /* Release */ = {
			isa = XCBuildConfiguration;
			buildSettings = {
				BUNDLE_LOADER = "$(TEST_HOST)";
				FRAMEWORK_SEARCH_PATHS = (
					"$(SDKROOT)/Developer/Library/Frameworks",
					"$(inherited)",
				);
				INFOPLIST_FILE = UISliderTests/Info.plist;
				LD_RUNPATH_SEARCH_PATHS = "$(inherited) @executable_path/Frameworks @loader_path/Frameworks";
				PRODUCT_NAME = "$(TARGET_NAME)";
				TEST_HOST = "$(BUILT_PRODUCTS_DIR)/UISlider.app/UISlider";
			};
			name = Release;
		};
/* End XCBuildConfiguration section */

/* Begin XCConfigurationList section */
		3DE526991A6BAD9F001BC9C0 /* Build configuration list for PBXProject "UISlider" */ = {
			isa = XCConfigurationList;
			buildConfigurations = (
				3DE526BB1A6BADA0001BC9C0 /* Debug */,
				3DE526BC1A6BADA0001BC9C0 /* Release */,
			);
			defaultConfigurationIsVisible = 0;
			defaultConfigurationName = Release;
		};
		3DE526BD1A6BADA0001BC9C0 /* Build configuration list for PBXNativeTarget "UISlider" */ = {
			isa = XCConfigurationList;
			buildConfigurations = (
				3DE526BE1A6BADA0001BC9C0 /* Debug */,
				3DE526BF1A6BADA0001BC9C0 /* Release */,
			);
			defaultConfigurationIsVisible = 0;
		};
		3DE526C01A6BADA0001BC9C0 /* Build configuration list for PBXNativeTarget "UISliderTests" */ = {
			isa = XCConfigurationList;
			buildConfigurations = (
				3DE526C11A6BADA0001BC9C0 /* Debug */,
				3DE526C21A6BADA0001BC9C0 /* Release */,
			);
			defaultConfigurationIsVisible = 0;
		};
/* End XCConfigurationList section */
	};
	rootObject = 3DE526961A6BAD9F001BC9C0 /* Project object */;
}
