// !$*UTF8*$!
{
	archiveVersion = 1;
	classes = {
	};
	objectVersion = 46;
	objects = {

/* Begin PBXBuildFile section */
		3DA3BBEA1A6AA58000E94594 /* AppDelegate.swift in Sources */ = {isa = PBXBuildFile; fileRef = 3DA3BBE91A6AA58000E94594 /* AppDelegate.swift */; };
		3DA3BBEC1A6AA58000E94594 /* ViewController.swift in Sources */ = {isa = PBXBuildFile; fileRef = 3DA3BBEB1A6AA58000E94594 /* ViewController.swift */; };
		3DA3BBEF1A6AA58000E94594 /* Main.storyboard in Resources */ = {isa = PBXBuildFile; fileRef = 3DA3BBED1A6AA58000E94594 /* Main.storyboard */; };
		3DA3BBF11A6AA58000E94594 /* Images.xcassets in Resources */ = {isa = PBXBuildFile; fileRef = 3DA3BBF01A6AA58000E94594 /* Images.xcassets */; };
		3DA3BBF41A6AA58000E94594 /* LaunchScreen.xib in Resources */ = {isa = PBXBuildFile; fileRef = 3DA3BBF21A6AA58000E94594 /* LaunchScreen.xib */; };
		3DA3BC001A6AA58000E94594 /* UIButtonTests.swift in Sources */ = {isa = PBXBuildFile; fileRef = 3DA3BBFF1A6AA58000E94594 /* UIButtonTests.swift */; };
/* End PBXBuildFile section */

/* Begin PBXContainerItemProxy section */
		3DA3BBFA1A6AA58000E94594 /* PBXContainerItemProxy */ = {
			isa = PBXContainerItemProxy;
			containerPortal = 3DA3BBDC1A6AA58000E94594 /* Project object */;
			proxyType = 1;
			remoteGlobalIDString = 3DA3BBE31A6AA58000E94594;
			remoteInfo = UIButton;
		};
/* End PBXContainerItemProxy section */

/* Begin PBXFileReference section */
		3DA3BBE41A6AA58000E94594 /* UIButton.app */ = {isa = PBXFileReference; explicitFileType = wrapper.application; includeInIndex = 0; path = UIButton.app; sourceTree = BUILT_PRODUCTS_DIR; };
		3DA3BBE81A6AA58000E94594 /* Info.plist */ = {isa = PBXFileReference; lastKnownFileType = text.plist.xml; path = Info.plist; sourceTree = "<group>"; };
		3DA3BBE91A6AA58000E94594 /* AppDelegate.swift */ = {isa = PBXFileReference; lastKnownFileType = sourcecode.swift; path = AppDelegate.swift; sourceTree = "<group>"; };
		3DA3BBEB1A6AA58000E94594 /* ViewController.swift */ = {isa = PBXFileReference; lastKnownFileType = sourcecode.swift; path = ViewController.swift; sourceTree = "<group>"; };
		3DA3BBEE1A6AA58000E94594 /* Base */ = {isa = PBXFileReference; lastKnownFileType = file.storyboard; name = Base; path = Base.lproj/Main.storyboard; sourceTree = "<group>"; };
		3DA3BBF01A6AA58000E94594 /* Images.xcassets */ = {isa = PBXFileReference; lastKnownFileType = folder.assetcatalog; path = Images.xcassets; sourceTree = "<group>"; };
		3DA3BBF31A6AA58000E94594 /* Base */ = {isa = PBXFileReference; lastKnownFileType = file.xib; name = Base; path = Base.lproj/LaunchScreen.xib; sourceTree = "<group>"; };
		3DA3BBF91A6AA58000E94594 /* UIButtonTests.xctest */ = {isa = PBXFileReference; explicitFileType = wrapper.cfbundle; includeInIndex = 0; path = UIButtonTests.xctest; sourceTree = BUILT_PRODUCTS_DIR; };
		3DA3BBFE1A6AA58000E94594 /* Info.plist */ = {isa = PBXFileReference; lastKnownFileType = text.plist.xml; path = Info.plist; sourceTree = "<group>"; };
		3DA3BBFF1A6AA58000E94594 /* UIButtonTests.swift */ = {isa = PBXFileReference; lastKnownFileType = sourcecode.swift; path = UIButtonTests.swift; sourceTree = "<group>"; };
/* End PBXFileReference section */

/* Begin PBXFrameworksBuildPhase section */
		3DA3BBE11A6AA58000E94594 /* Frameworks */ = {
			isa = PBXFrameworksBuildPhase;
			buildActionMask = 2147483647;
			files = (
			);
			runOnlyForDeploymentPostprocessing = 0;
		};
		3DA3BBF61A6AA58000E94594 /* Frameworks */ = {
			isa = PBXFrameworksBuildPhase;
			buildActionMask = 2147483647;
			files = (
			);
			runOnlyForDeploymentPostprocessing = 0;
		};
/* End PBXFrameworksBuildPhase section */

/* Begin PBXGroup section */
		3DA3BBDB1A6AA58000E94594 = {
			isa = PBXGroup;
			children = (
				3DA3BBE61A6AA58000E94594 /* UIButton */,
				3DA3BBFC1A6AA58000E94594 /* UIButtonTests */,
				3DA3BBE51A6AA58000E94594 /* Products */,
			);
			sourceTree = "<group>";
		};
		3DA3BBE51A6AA58000E94594 /* Products */ = {
			isa = PBXGroup;
			children = (
				3DA3BBE41A6AA58000E94594 /* UIButton.app */,
				3DA3BBF91A6AA58000E94594 /* UIButtonTests.xctest */,
			);
			name = Products;
			sourceTree = "<group>";
		};
		3DA3BBE61A6AA58000E94594 /* UIButton */ = {
			isa = PBXGroup;
			children = (
				3DA3BBE91A6AA58000E94594 /* AppDelegate.swift */,
				3DA3BBEB1A6AA58000E94594 /* ViewController.swift */,
				3DA3BBED1A6AA58000E94594 /* Main.storyboard */,
				3DA3BBF01A6AA58000E94594 /* Images.xcassets */,
				3DA3BBF21A6AA58000E94594 /* LaunchScreen.xib */,
				3DA3BBE71A6AA58000E94594 /* Supporting Files */,
			);
			path = UIButton;
			sourceTree = "<group>";
		};
		3DA3BBE71A6AA58000E94594 /* Supporting Files */ = {
			isa = PBXGroup;
			children = (
				3DA3BBE81A6AA58000E94594 /* Info.plist */,
			);
			name = "Supporting Files";
			sourceTree = "<group>";
		};
		3DA3BBFC1A6AA58000E94594 /* UIButtonTests */ = {
			isa = PBXGroup;
			children = (
				3DA3BBFF1A6AA58000E94594 /* UIButtonTests.swift */,
				3DA3BBFD1A6AA58000E94594 /* Supporting Files */,
			);
			path = UIButtonTests;
			sourceTree = "<group>";
		};
		3DA3BBFD1A6AA58000E94594 /* Supporting Files */ = {
			isa = PBXGroup;
			children = (
				3DA3BBFE1A6AA58000E94594 /* Info.plist */,
			);
			name = "Supporting Files";
			sourceTree = "<group>";
		};
/* End PBXGroup section */

/* Begin PBXNativeTarget section */
		3DA3BBE31A6AA58000E94594 /* UIButton */ = {
			isa = PBXNativeTarget;
			buildConfigurationList = 3DA3BC031A6AA58000E94594 /* Build configuration list for PBXNativeTarget "UIButton" */;
			buildPhases = (
				3DA3BBE01A6AA58000E94594 /* Sources */,
				3DA3BBE11A6AA58000E94594 /* Frameworks */,
				3DA3BBE21A6AA58000E94594 /* Resources */,
			);
			buildRules = (
			);
			dependencies = (
			);
			name = UIButton;
			productName = UIButton;
			productReference = 3DA3BBE41A6AA58000E94594 /* UIButton.app */;
			productType = "com.apple.product-type.application";
		};
		3DA3BBF81A6AA58000E94594 /* UIButtonTests */ = {
			isa = PBXNativeTarget;
			buildConfigurationList = 3DA3BC061A6AA58000E94594 /* Build configuration list for PBXNativeTarget "UIButtonTests" */;
			buildPhases = (
				3DA3BBF51A6AA58000E94594 /* Sources */,
				3DA3BBF61A6AA58000E94594 /* Frameworks */,
				3DA3BBF71A6AA58000E94594 /* Resources */,
			);
			buildRules = (
			);
			dependencies = (
				3DA3BBFB1A6AA58000E94594 /* PBXTargetDependency */,
			);
			name = UIButtonTests;
			productName = UIButtonTests;
			productReference = 3DA3BBF91A6AA58000E94594 /* UIButtonTests.xctest */;
			productType = "com.apple.product-type.bundle.unit-test";
		};
/* End PBXNativeTarget section */

/* Begin PBXProject section */
		3DA3BBDC1A6AA58000E94594 /* Project object */ = {
			isa = PBXProject;
			attributes = {
				LastUpgradeCheck = 0610;
				ORGANIZATIONNAME = Kim;
				TargetAttributes = {
					3DA3BBE31A6AA58000E94594 = {
						CreatedOnToolsVersion = 6.1.1;
					};
					3DA3BBF81A6AA58000E94594 = {
						CreatedOnToolsVersion = 6.1.1;
						TestTargetID = 3DA3BBE31A6AA58000E94594;
					};
				};
			};
			buildConfigurationList = 3DA3BBDF1A6AA58000E94594 /* Build configuration list for PBXProject "UIButton" */;
			compatibilityVersion = "Xcode 3.2";
			developmentRegion = English;
			hasScannedForEncodings = 0;
			knownRegions = (
				en,
				Base,
			);
			mainGroup = 3DA3BBDB1A6AA58000E94594;
			productRefGroup = 3DA3BBE51A6AA58000E94594 /* Products */;
			projectDirPath = "";
			projectRoot = "";
			targets = (
				3DA3BBE31A6AA58000E94594 /* UIButton */,
				3DA3BBF81A6AA58000E94594 /* UIButtonTests */,
			);
		};
/* End PBXProject section */

/* Begin PBXResourcesBuildPhase section */
		3DA3BBE21A6AA58000E94594 /* Resources */ = {
			isa = PBXResourcesBuildPhase;
			buildActionMask = 2147483647;
			files = (
				3DA3BBEF1A6AA58000E94594 /* Main.storyboard in Resources */,
				3DA3BBF41A6AA58000E94594 /* LaunchScreen.xib in Resources */,
				3DA3BBF11A6AA58000E94594 /* Images.xcassets in Resources */,
			);
			runOnlyForDeploymentPostprocessing = 0;
		};
		3DA3BBF71A6AA58000E94594 /* Resources */ = {
			isa = PBXResourcesBuildPhase;
			buildActionMask = 2147483647;
			files = (
			);
			runOnlyForDeploymentPostprocessing = 0;
		};
/* End PBXResourcesBuildPhase section */

/* Begin PBXSourcesBuildPhase section */
		3DA3BBE01A6AA58000E94594 /* Sources */ = {
			isa = PBXSourcesBuildPhase;
			buildActionMask = 2147483647;
			files = (
				3DA3BBEC1A6AA58000E94594 /* ViewController.swift in Sources */,
				3DA3BBEA1A6AA58000E94594 /* AppDelegate.swift in Sources */,
			);
			runOnlyForDeploymentPostprocessing = 0;
		};
		3DA3BBF51A6AA58000E94594 /* Sources */ = {
			isa = PBXSourcesBuildPhase;
			buildActionMask = 2147483647;
			files = (
				3DA3BC001A6AA58000E94594 /* UIButtonTests.swift in Sources */,
			);
			runOnlyForDeploymentPostprocessing = 0;
		};
/* End PBXSourcesBuildPhase section */

/* Begin PBXTargetDependency section */
		3DA3BBFB1A6AA58000E94594 /* PBXTargetDependency */ = {
			isa = PBXTargetDependency;
			target = 3DA3BBE31A6AA58000E94594 /* UIButton */;
			targetProxy = 3DA3BBFA1A6AA58000E94594 /* PBXContainerItemProxy */;
		};
/* End PBXTargetDependency section */

/* Begin PBXVariantGroup section */
		3DA3BBED1A6AA58000E94594 /* Main.storyboard */ = {
			isa = PBXVariantGroup;
			children = (
				3DA3BBEE1A6AA58000E94594 /* Base */,
			);
			name = Main.storyboard;
			sourceTree = "<group>";
		};
		3DA3BBF21A6AA58000E94594 /* LaunchScreen.xib */ = {
			isa = PBXVariantGroup;
			children = (
				3DA3BBF31A6AA58000E94594 /* Base */,
			);
			name = LaunchScreen.xib;
			sourceTree = "<group>";
		};
/* End PBXVariantGroup section */

/* Begin XCBuildConfiguration section */
		3DA3BC011A6AA58000E94594 /* Debug */ = {
			isa = XCBuildConfiguration;
			buildSettings = {
				ALWAYS_SEARCH_USER_PATHS = NO;
				CLANG_CXX_LANGUAGE_STANDARD = "gnu++0x";
				CLANG_CXX_LIBRARY = "libc++";
				CLANG_ENABLE_MODULES = YES;
				CLANG_ENABLE_OBJC_ARC = YES;
				CLANG_WARN_BOOL_CONVERSION = YES;
				CLANG_WARN_CONSTANT_CONVERSION = YES;
				CLANG_WARN_DIRECT_OBJC_ISA_USAGE = YES_ERROR;
				CLANG_WARN_EMPTY_BODY = YES;
				CLANG_WARN_ENUM_CONVERSION = YES;
				CLANG_WARN_INT_CONVERSION = YES;
				CLANG_WARN_OBJC_ROOT_CLASS = YES_ERROR;
				CLANG_WARN_UNREACHABLE_CODE = YES;
				CLANG_WARN__DUPLICATE_METHOD_MATCH = YES;
				"CODE_SIGN_IDENTITY[sdk=iphoneos*]" = "iPhone Developer";
				COPY_PHASE_STRIP = NO;
				ENABLE_STRICT_OBJC_MSGSEND = YES;
				GCC_C_LANGUAGE_STANDARD = gnu99;
				GCC_DYNAMIC_NO_PIC = NO;
				GCC_OPTIMIZATION_LEVEL = 0;
				GCC_PREPROCESSOR_DEFINITIONS = (
					"DEBUG=1",
					"$(inherited)",
				);
				GCC_SYMBOLS_PRIVATE_EXTERN = NO;
				GCC_WARN_64_TO_32_BIT_CONVERSION = YES;
				GCC_WARN_ABOUT_RETURN_TYPE = YES_ERROR;
				GCC_WARN_UNDECLARED_SELECTOR = YES;
				GCC_WARN_UNINITIALIZED_AUTOS = YES_AGGRESSIVE;
				GCC_WARN_UNUSED_FUNCTION = YES;
				GCC_WARN_UNUSED_VARIABLE = YES;
				IPHONEOS_DEPLOYMENT_TARGET = 8.1;
				MTL_ENABLE_DEBUG_INFO = YES;
				ONLY_ACTIVE_ARCH = YES;
				SDKROOT = iphoneos;
				SWIFT_OPTIMIZATION_LEVEL = "-Onone";
				TARGETED_DEVICE_FAMILY = "1,2";
			};
			name = Debug;
		};
		3DA3BC021A6AA58000E94594 /* Release */ = {
			isa = XCBuildConfiguration;
			buildSettings = {
				ALWAYS_SEARCH_USER_PATHS = NO;
				CLANG_CXX_LANGUAGE_STANDARD = "gnu++0x";
				CLANG_CXX_LIBRARY = "libc++";
				CLANG_ENABLE_MODULES = YES;
				CLANG_ENABLE_OBJC_ARC = YES;
				CLANG_WARN_BOOL_CONVERSION = YES;
				CLANG_WARN_CONSTANT_CONVERSION = YES;
				CLANG_WARN_DIRECT_OBJC_ISA_USAGE = YES_ERROR;
				CLANG_WARN_EMPTY_BODY = YES;
				CLANG_WARN_ENUM_CONVERSION = YES;
				CLANG_WARN_INT_CONVERSION = YES;
				CLANG_WARN_OBJC_ROOT_CLASS = YES_ERROR;
				CLANG_WARN_UNREACHABLE_CODE = YES;
				CLANG_WARN__DUPLICATE_METHOD_MATCH = YES;
				"CODE_SIGN_IDENTITY[sdk=iphoneos*]" = "iPhone Developer";
				COPY_PHASE_STRIP = YES;
				ENABLE_NS_ASSERTIONS = NO;
				ENABLE_STRICT_OBJC_MSGSEND = YES;
				GCC_C_LANGUAGE_STANDARD = gnu99;
				GCC_WARN_64_TO_32_BIT_CONVERSION = YES;
				GCC_WARN_ABOUT_RETURN_TYPE = YES_ERROR;
				GCC_WARN_UNDECLARED_SELECTOR = YES;
				GCC_WARN_UNINITIALIZED_AUTOS = YES_AGGRESSIVE;
				GCC_WARN_UNUSED_FUNCTION = YES;
				GCC_WARN_UNUSED_VARIABLE = YES;
				IPHONEOS_DEPLOYMENT_TARGET = 8.1;
				MTL_ENABLE_DEBUG_INFO = NO;
				SDKROOT = iphoneos;
				TARGETED_DEVICE_FAMILY = "1,2";
				VALIDATE_PRODUCT = YES;
			};
			name = Release;
		};
		3DA3BC041A6AA58000E94594 /* Debug */ = {
			isa = XCBuildConfiguration;
			buildSettings = {
				ASSETCATALOG_COMPILER_APPICON_NAME = AppIcon;
				INFOPLIST_FILE = UIButton/Info.plist;
				LD_RUNPATH_SEARCH_PATHS = "$(inherited) @executable_path/Frameworks";
				PRODUCT_NAME = "$(TARGET_NAME)";
			};
			name = Debug;
		};
		3DA3BC051A6AA58000E94594 /* Release */ = {
			isa = XCBuildConfiguration;
			buildSettings = {
				ASSETCATALOG_COMPILER_APPICON_NAME = AppIcon;
				INFOPLIST_FILE = UIButton/Info.plist;
				LD_RUNPATH_SEARCH_PATHS = "$(inherited) @executable_path/Frameworks";
				PRODUCT_NAME = "$(TARGET_NAME)";
			};
			name = Release;
		};
		3DA3BC071A6AA58000E94594 /* Debug */ = {
			isa = XCBuildConfiguration;
			buildSettings = {
				BUNDLE_LOADER = "$(TEST_HOST)";
				FRAMEWORK_SEARCH_PATHS = (
					"$(SDKROOT)/Developer/Library/Frameworks",
					"$(inherited)",
				);
				GCC_PREPROCESSOR_DEFINITIONS = (
					"DEBUG=1",
					"$(inherited)",
				);
				INFOPLIST_FILE = UIButtonTests/Info.plist;
				LD_RUNPATH_SEARCH_PATHS = "$(inherited) @executable_path/Frameworks @loader_path/Frameworks";
				PRODUCT_NAME = "$(TARGET_NAME)";
				TEST_HOST = "$(BUILT_PRODUCTS_DIR)/UIButton.app/UIButton";
			};
			name = Debug;
		};
		3DA3BC081A6AA58000E94594 /* Release */ = {
			isa = XCBuildConfiguration;
			buildSettings = {
				BUNDLE_LOADER = "$(TEST_HOST)";
				FRAMEWORK_SEARCH_PATHS = (
					"$(SDKROOT)/Developer/Library/Frameworks",
					"$(inherited)",
				);
				INFOPLIST_FILE = UIButtonTests/Info.plist;
				LD_RUNPATH_SEARCH_PATHS = "$(inherited) @executable_path/Frameworks @loader_path/Frameworks";
				PRODUCT_NAME = "$(TARGET_NAME)";
				TEST_HOST = "$(BUILT_PRODUCTS_DIR)/UIButton.app/UIButton";
			};
			name = Release;
		};
/* End XCBuildConfiguration section */

/* Begin XCConfigurationList section */
		3DA3BBDF1A6AA58000E94594 /* Build configuration list for PBXProject "UIButton" */ = {
			isa = XCConfigurationList;
			buildConfigurations = (
				3DA3BC011A6AA58000E94594 /* Debug */,
				3DA3BC021A6AA58000E94594 /* Release */,
			);
			defaultConfigurationIsVisible = 0;
			defaultConfigurationName = Release;
		};
		3DA3BC031A6AA58000E94594 /* Build configuration list for PBXNativeTarget "UIButton" */ = {
			isa = XCConfigurationList;
			buildConfigurations = (
				3DA3BC041A6AA58000E94594 /* Debug */,
				3DA3BC051A6AA58000E94594 /* Release */,
			);
			defaultConfigurationIsVisible = 0;
		};
		3DA3BC061A6AA58000E94594 /* Build configuration list for PBXNativeTarget "UIButtonTests" */ = {
			isa = XCConfigurationList;
			buildConfigurations = (
				3DA3BC071A6AA58000E94594 /* Debug */,
				3DA3BC081A6AA58000E94594 /* Release */,
			);
			defaultConfigurationIsVisible = 0;
		};
/* End XCConfigurationList section */
	};
	rootObject = 3DA3BBDC1A6AA58000E94594 /* Project object */;
}
